
Microsoft Visual Studio Solution File, Format Version 12.00
# Visual Studio Version 17
VisualStudioVersion = 17.8.34316.72
MinimumVisualStudioVersion = 10.0.40219.1
Project("{FAE04EC0-301F-11D3-BF4B-00C04F79EFBC}") = "OOAP lab 5", "OOAP lab 5\OOAP lab 5.csproj", "{9395D449-FAB6-4C26-9082-651ECF25FE7B}"
EndProject
Global
	GlobalSection(SolutionConfigurationPlatforms) = preSolution
		Debug|Any CPU = Debug|Any CPU
		Release|Any CPU = Release|Any CPU
	EndGlobalSection
	GlobalSection(ProjectConfigurationPlatforms) = postSolution
		{9395D449-FAB6-4C26-9082-651ECF25FE7B}.Debug|Any CPU.ActiveCfg = Debug|Any CPU
		{9395D449-FAB6-4C26-9082-651ECF25FE7B}.Debug|Any CPU.Build.0 = Debug|Any CPU
		{9395D449-FAB6-4C26-9082-651ECF25FE7B}.Release|Any CPU.ActiveCfg = Release|Any CPU
		{9395D449-FAB6-4C26-9082-651ECF25FE7B}.Release|Any CPU.Build.0 = Release|Any CPU
	EndGlobalSection
	GlobalSection(SolutionProperties) = preSolution
		HideSolutionNode = FALSE
	EndGlobalSection
	GlobalSection(ExtensibilityGlobals) = postSolution
		SolutionGuid = {E743D7BB-1289-4A5A-8CDA-80A5DB05C471}
	EndGlobalSection
EndGlobal
